
Microsoft Visual Studio Solution File, Format Version 12.00
# Visual Studio Version 17
VisualStudioVersion = 17.9.34622.214
MinimumVisualStudioVersion = 10.0.40219.1
Project("{FAE04EC0-301F-11D3-BF4B-00C04F79EFBC}") = "LAB1", "LAB1\LAB1.csproj", "{0968A0A9-23FA-43C0-9B97-C874C01E0452}"
EndProject
Global
	GlobalSection(SolutionConfigurationPlatforms) = preSolution
		Debug|Any CPU = Debug|Any CPU
		Release|Any CPU = Release|Any CPU
	EndGlobalSection
	GlobalSection(ProjectConfigurationPlatforms) = postSolution
		{0968A0A9-23FA-43C0-9B97-C874C01E0452}.Debug|Any CPU.ActiveCfg = Debug|Any CPU
		{0968A0A9-23FA-43C0-9B97-C874C01E0452}.Debug|Any CPU.Build.0 = Debug|Any CPU
		{0968A0A9-23FA-43C0-9B97-C874C01E0452}.Release|Any CPU.ActiveCfg = Release|Any CPU
		{0968A0A9-23FA-43C0-9B97-C874C01E0452}.Release|Any CPU.Build.0 = Release|Any CPU
	EndGlobalSection
	GlobalSection(SolutionProperties) = preSolution
		HideSolutionNode = FALSE
	EndGlobalSection
	GlobalSection(ExtensibilityGlobals) = postSolution
		SolutionGuid = {33A8B7BD-BCDC-4D11-B86A-F54483686424}
	EndGlobalSection
EndGlobal
