
Microsoft Visual Studio Solution File, Format Version 12.00
# Visual Studio Version 17
VisualStudioVersion = 17.9.34622.214
MinimumVisualStudioVersion = 10.0.40219.1
Project("{FAE04EC0-301F-11D3-BF4B-00C04F79EFBC}") = "LAB3", "LAB3\LAB3.csproj", "{D7CBD0D8-694A-442C-B91E-4CB438D6401D}"
EndProject
Global
	GlobalSection(SolutionConfigurationPlatforms) = preSolution
		Debug|Any CPU = Debug|Any CPU
		Release|Any CPU = Release|Any CPU
	EndGlobalSection
	GlobalSection(ProjectConfigurationPlatforms) = postSolution
		{D7CBD0D8-694A-442C-B91E-4CB438D6401D}.Debug|Any CPU.ActiveCfg = Debug|Any CPU
		{D7CBD0D8-694A-442C-B91E-4CB438D6401D}.Debug|Any CPU.Build.0 = Debug|Any CPU
		{D7CBD0D8-694A-442C-B91E-4CB438D6401D}.Release|Any CPU.ActiveCfg = Release|Any CPU
		{D7CBD0D8-694A-442C-B91E-4CB438D6401D}.Release|Any CPU.Build.0 = Release|Any CPU
	EndGlobalSection
	GlobalSection(SolutionProperties) = preSolution
		HideSolutionNode = FALSE
	EndGlobalSection
	GlobalSection(ExtensibilityGlobals) = postSolution
		SolutionGuid = {94E7DD8C-96A7-4C57-88AC-137304B474F6}
	EndGlobalSection
EndGlobal
